
Microsoft Visual Studio Solution File, Format Version 12.00
# Visual Studio Version 17
VisualStudioVersion = 17.14.36915.13 d17.14
MinimumVisualStudioVersion = 10.0.40219.1
Project("{FAE04EC0-301F-11D3-BF4B-00C04F79EFBC}") = "DockerDemoApp", "DockerDemoApp.csproj", "{96AB14B5-2D97-1103-0703-D8E0B3593E9C}"
EndProject
Global
	GlobalSection(SolutionConfigurationPlatforms) = preSolution
		Debug|Any CPU = Debug|Any CPU
		Release|Any CPU = Release|Any CPU
	EndGlobalSection
	GlobalSection(ProjectConfigurationPlatforms) = postSolution
		{96AB14B5-2D97-1103-0703-D8E0B3593E9C}.Debug|Any CPU.ActiveCfg = Debug|Any CPU
		{96AB14B5-2D97-1103-0703-D8E0B3593E9C}.Debug|Any CPU.Build.0 = Debug|Any CPU
		{96AB14B5-2D97-1103-0703-D8E0B3593E9C}.Release|Any CPU.ActiveCfg = Release|Any CPU
		{96AB14B5-2D97-1103-0703-D8E0B3593E9C}.Release|Any CPU.Build.0 = Release|Any CPU
	EndGlobalSection
	GlobalSection(SolutionProperties) = preSolution
		HideSolutionNode = FALSE
	EndGlobalSection
	GlobalSection(ExtensibilityGlobals) = postSolution
		SolutionGuid = {1D736762-9FF9-45CD-A422-0393948B3CC9}
	EndGlobalSection
EndGlobal
